{
  "version": 4,
  "terraform_version": "1.2.3",
  "serial": 193,
  "lineage": "5977d7ee-f41d-8bb9-b7b0-7b8576b9a1a7",
  "outputs": {
    "control_plane_public_ips": {
      "value": [
        "35.89.118.219",
        "18.237.51.188",
        "54.244.154.143"
      ],
      "type": [
        "tuple",
        [
          "string",
          "string",
          "string"
        ]
      ]
    },
    "extra_worker_public_ips": {
      "value": [],
      "type": [
        "tuple",
        []
      ]
    },
    "kube_apiserver_address": {
      "value": "tf-lb-20220622035244918700000005-2028859265.us-west-2.elb.amazonaws.com",
      "type": "string"
    },
    "worker_public_ips": {
      "value": [
        "34.211.47.249"
      ],
      "type": [
        "tuple",
        [
          "string"
        ]
      ]
    }
  },
  "resources": [
    {
      "mode": "managed",
      "type": "aws_elb",
      "name": "konvoy_control_plane",
      "provider": "provider[\"registry.terraform.io/hashicorp/aws\"]",
      "instances": [
        {
          "schema_version": 0,
          "attributes": {
            "access_logs": [],
            "arn": "arn:aws:elasticloadbalancing:us-west-2:337834004759:loadbalancer/tf-lb-20220622035244918700000005",
            "availability_zones": [
              "us-west-2c"
            ],
            "connection_draining": true,
            "connection_draining_timeout": 300,
            "cross_zone_load_balancing": true,
            "desync_mitigation_mode": "defensive",
            "dns_name": "tf-lb-20220622035244918700000005-2028859265.us-west-2.elb.amazonaws.com",
            "health_check": [
              {
                "healthy_threshold": 2,
                "interval": 10,
                "target": "HTTPS:6443/healthz",
                "timeout": 3,
                "unhealthy_threshold": 2
              }
            ],
            "id": "tf-lb-20220622035244918700000005",
            "idle_timeout": 60,
            "instances": [
              "i-00d08b2b7143c611d",
              "i-043fcaa21d4526012",
              "i-0b1f64f670874bd48"
            ],
            "internal": false,
            "listener": [
              {
                "instance_port": 6443,
                "instance_protocol": "tcp",
                "lb_port": 6443,
                "lb_protocol": "tcp",
                "ssl_certificate_id": ""
              }
            ],
            "name": "tf-lb-20220622035244918700000005",
            "name_prefix": null,
            "security_groups": [
              "sg-01386de7401ea285a",
              "sg-0cbfa95bb00b743b7"
            ],
            "source_security_group": "337834004759/terraform-20220622035039407900000003",
            "source_security_group_id": "sg-01386de7401ea285a",
            "subnets": [
              "subnet-0f44a6a113c6bf6bf"
            ],
            "tags": {
              "expiration": "16h",
              "owner": "alexchrisramos"
            },
            "tags_all": {
              "expiration": "16h",
              "owner": "alexchrisramos"
            },
            "zone_id": "Z1H1FL5HABSF5"
          },
          "sensitive_attributes": [],
          "private": "bnVsbA==",
          "dependencies": [
            "aws_instance.control_plane",
            "aws_security_group.konvoy_control_plane",
            "aws_security_group.konvoy_egress",
            "aws_security_group.konvoy_private",
            "aws_security_group.konvoy_ssh",
            "aws_subnet.konvoy_public",
            "aws_vpc.konvoy_vpc"
          ]
        }
      ]
    },
    {
      "mode": "managed",
      "type": "aws_instance",
      "name": "control_plane",
      "provider": "provider[\"registry.terraform.io/hashicorp/aws\"]",
      "instances": [
        {
          "index_key": 0,
          "schema_version": 1,
          "attributes": {
            "ami": "ami-0b52d4ef0c06bb1ac",
            "arn": "arn:aws:ec2:us-west-2:337834004759:instance/i-00d08b2b7143c611d",
            "associate_public_ip_address": true,
            "availability_zone": "us-west-2c",
            "capacity_reservation_specification": [
              {
                "capacity_reservation_preference": "open",
                "capacity_reservation_target": []
              }
            ],
            "cpu_core_count": 4,
            "cpu_threads_per_core": 2,
            "credit_specification": [],
            "disable_api_termination": false,
            "ebs_block_device": [],
            "ebs_optimized": false,
            "enclave_options": [
              {
                "enabled": false
              }
            ],
            "ephemeral_block_device": [],
            "get_password_data": false,
            "hibernation": false,
            "host_id": null,
            "iam_instance_profile": "",
            "id": "i-00d08b2b7143c611d",
            "instance_initiated_shutdown_behavior": "stop",
            "instance_state": "running",
            "instance_type": "m5.2xlarge",
            "ipv6_address_count": 0,
            "ipv6_addresses": [],
            "key_name": "alex-keypair",
            "launch_template": [],
            "maintenance_options": [
              {
                "auto_recovery": "default"
              }
            ],
            "metadata_options": [
              {
                "http_endpoint": "enabled",
                "http_put_response_hop_limit": 1,
                "http_tokens": "optional",
                "instance_metadata_tags": "disabled"
              }
            ],
            "monitoring": false,
            "network_interface": [],
            "outpost_arn": "",
            "password_data": "",
            "placement_group": "",
            "placement_partition_number": null,
            "primary_network_interface_id": "eni-027723153094d48a9",
            "private_dns": "ip-10-0-57-95.us-west-2.compute.internal",
            "private_ip": "10.0.57.95",
            "public_dns": "ec2-35-89-118-219.us-west-2.compute.amazonaws.com",
            "public_ip": "35.89.118.219",
            "root_block_device": [
              {
                "delete_on_termination": true,
                "device_name": "/dev/sda1",
                "encrypted": false,
                "iops": 3000,
                "kms_key_id": "",
                "tags": null,
                "throughput": 125,
                "volume_id": "vol-0a09c7803e24f317f",
                "volume_size": 200,
                "volume_type": "gp3"
              }
            ],
            "secondary_private_ips": [],
            "security_groups": [],
            "source_dest_check": false,
            "subnet_id": "subnet-0f44a6a113c6bf6bf",
            "tags": {
              "expiration": "16h",
              "owner": "alexchrisramos"
            },
            "tags_all": {
              "expiration": "16h",
              "owner": "alexchrisramos"
            },
            "tenancy": "default",
            "timeouts": null,
            "user_data": null,
            "user_data_base64": null,
            "user_data_replace_on_change": false,
            "volume_tags": null,
            "vpc_security_group_ids": [
              "sg-0030a2fb4bc1578cd",
              "sg-07e519d3c5e67f043",
              "sg-0cbfa95bb00b743b7"
            ]
          },
          "sensitive_attributes": [],
          "private": "eyJlMmJmYjczMC1lY2FhLTExZTYtOGY4OC0zNDM2M2JjN2M0YzAiOnsiY3JlYXRlIjo2MDAwMDAwMDAwMDAsImRlbGV0ZSI6MTIwMDAwMDAwMDAwMCwidXBkYXRlIjo2MDAwMDAwMDAwMDB9LCJzY2hlbWFfdmVyc2lvbiI6IjEifQ==",
          "dependencies": [
            "aws_security_group.konvoy_egress",
            "aws_security_group.konvoy_private",
            "aws_security_group.konvoy_ssh",
            "aws_subnet.konvoy_public",
            "aws_vpc.konvoy_vpc"
          ]
        },
        {
          "index_key": 1,
          "schema_version": 1,
          "attributes": {
            "ami": "ami-0b52d4ef0c06bb1ac",
            "arn": "arn:aws:ec2:us-west-2:337834004759:instance/i-043fcaa21d4526012",
            "associate_public_ip_address": true,
            "availability_zone": "us-west-2c",
            "capacity_reservation_specification": [
              {
                "capacity_reservation_preference": "open",
                "capacity_reservation_target": []
              }
            ],
            "cpu_core_count": 4,
            "cpu_threads_per_core": 2,
            "credit_specification": [],
            "disable_api_termination": false,
            "ebs_block_device": [],
            "ebs_optimized": false,
            "enclave_options": [
              {
                "enabled": false
              }
            ],
            "ephemeral_block_device": [],
            "get_password_data": false,
            "hibernation": false,
            "host_id": null,
            "iam_instance_profile": "",
            "id": "i-043fcaa21d4526012",
            "instance_initiated_shutdown_behavior": "stop",
            "instance_state": "running",
            "instance_type": "m5.2xlarge",
            "ipv6_address_count": 0,
            "ipv6_addresses": [],
            "key_name": "alex-keypair",
            "launch_template": [],
            "maintenance_options": [
              {
                "auto_recovery": "default"
              }
            ],
            "metadata_options": [
              {
                "http_endpoint": "enabled",
                "http_put_response_hop_limit": 1,
                "http_tokens": "optional",
                "instance_metadata_tags": "disabled"
              }
            ],
            "monitoring": false,
            "network_interface": [],
            "outpost_arn": "",
            "password_data": "",
            "placement_group": "",
            "placement_partition_number": null,
            "primary_network_interface_id": "eni-057cf9288f34f8fa4",
            "private_dns": "ip-10-0-131-7.us-west-2.compute.internal",
            "private_ip": "10.0.131.7",
            "public_dns": "ec2-18-237-51-188.us-west-2.compute.amazonaws.com",
            "public_ip": "18.237.51.188",
            "root_block_device": [
              {
                "delete_on_termination": true,
                "device_name": "/dev/sda1",
                "encrypted": false,
                "iops": 3000,
                "kms_key_id": "",
                "tags": null,
                "throughput": 125,
                "volume_id": "vol-0c8f73a6ff8dbf7d4",
                "volume_size": 200,
                "volume_type": "gp3"
              }
            ],
            "secondary_private_ips": [],
            "security_groups": [],
            "source_dest_check": false,
            "subnet_id": "subnet-0f44a6a113c6bf6bf",
            "tags": {
              "expiration": "16h",
              "owner": "alexchrisramos"
            },
            "tags_all": {
              "expiration": "16h",
              "owner": "alexchrisramos"
            },
            "tenancy": "default",
            "timeouts": null,
            "user_data": null,
            "user_data_base64": null,
            "user_data_replace_on_change": false,
            "volume_tags": null,
            "vpc_security_group_ids": [
              "sg-0030a2fb4bc1578cd",
              "sg-07e519d3c5e67f043",
              "sg-0cbfa95bb00b743b7"
            ]
          },
          "sensitive_attributes": [],
          "private": "eyJlMmJmYjczMC1lY2FhLTExZTYtOGY4OC0zNDM2M2JjN2M0YzAiOnsiY3JlYXRlIjo2MDAwMDAwMDAwMDAsImRlbGV0ZSI6MTIwMDAwMDAwMDAwMCwidXBkYXRlIjo2MDAwMDAwMDAwMDB9LCJzY2hlbWFfdmVyc2lvbiI6IjEifQ==",
          "dependencies": [
            "aws_security_group.konvoy_egress",
            "aws_security_group.konvoy_private",
            "aws_security_group.konvoy_ssh",
            "aws_subnet.konvoy_public",
            "aws_vpc.konvoy_vpc"
          ]
        },
        {
          "index_key": 2,
          "schema_version": 1,
          "attributes": {
            "ami": "ami-0b52d4ef0c06bb1ac",
            "arn": "arn:aws:ec2:us-west-2:337834004759:instance/i-0b1f64f670874bd48",
            "associate_public_ip_address": true,
            "availability_zone": "us-west-2c",
            "capacity_reservation_specification": [
              {
                "capacity_reservation_preference": "open",
                "capacity_reservation_target": []
              }
            ],
            "cpu_core_count": 4,
            "cpu_threads_per_core": 2,
            "credit_specification": [],
            "disable_api_termination": false,
            "ebs_block_device": [],
            "ebs_optimized": false,
            "enclave_options": [
              {
                "enabled": false
              }
            ],
            "ephemeral_block_device": [],
            "get_password_data": false,
            "hibernation": false,
            "host_id": null,
            "iam_instance_profile": "",
            "id": "i-0b1f64f670874bd48",
            "instance_initiated_shutdown_behavior": "stop",
            "instance_state": "running",
            "instance_type": "m5.2xlarge",
            "ipv6_address_count": 0,
            "ipv6_addresses": [],
            "key_name": "alex-keypair",
            "launch_template": [],
            "maintenance_options": [
              {
                "auto_recovery": "default"
              }
            ],
            "metadata_options": [
              {
                "http_endpoint": "enabled",
                "http_put_response_hop_limit": 1,
                "http_tokens": "optional",
                "instance_metadata_tags": "disabled"
              }
            ],
            "monitoring": false,
            "network_interface": [],
            "outpost_arn": "",
            "password_data": "",
            "placement_group": "",
            "placement_partition_number": null,
            "primary_network_interface_id": "eni-0f5bfc2ec54570d33",
            "private_dns": "ip-10-0-161-55.us-west-2.compute.internal",
            "private_ip": "10.0.161.55",
            "public_dns": "ec2-54-244-154-143.us-west-2.compute.amazonaws.com",
            "public_ip": "54.244.154.143",
            "root_block_device": [
              {
                "delete_on_termination": true,
                "device_name": "/dev/sda1",
                "encrypted": false,
                "iops": 3000,
                "kms_key_id": "",
                "tags": null,
                "throughput": 125,
                "volume_id": "vol-0a3f3019d6f6b0d1e",
                "volume_size": 200,
                "volume_type": "gp3"
              }
            ],
            "secondary_private_ips": [],
            "security_groups": [],
            "source_dest_check": false,
            "subnet_id": "subnet-0f44a6a113c6bf6bf",
            "tags": {
              "expiration": "16h",
              "owner": "alexchrisramos"
            },
            "tags_all": {
              "expiration": "16h",
              "owner": "alexchrisramos"
            },
            "tenancy": "default",
            "timeouts": null,
            "user_data": null,
            "user_data_base64": null,
            "user_data_replace_on_change": false,
            "volume_tags": null,
            "vpc_security_group_ids": [
              "sg-0030a2fb4bc1578cd",
              "sg-07e519d3c5e67f043",
              "sg-0cbfa95bb00b743b7"
            ]
          },
          "sensitive_attributes": [],
          "private": "eyJlMmJmYjczMC1lY2FhLTExZTYtOGY4OC0zNDM2M2JjN2M0YzAiOnsiY3JlYXRlIjo2MDAwMDAwMDAwMDAsImRlbGV0ZSI6MTIwMDAwMDAwMDAwMCwidXBkYXRlIjo2MDAwMDAwMDAwMDB9LCJzY2hlbWFfdmVyc2lvbiI6IjEifQ==",
          "dependencies": [
            "aws_security_group.konvoy_egress",
            "aws_security_group.konvoy_private",
            "aws_security_group.konvoy_ssh",
            "aws_subnet.konvoy_public",
            "aws_vpc.konvoy_vpc"
          ]
        }
      ]
    },
    {
      "mode": "managed",
      "type": "aws_instance",
      "name": "worker",
      "provider": "provider[\"registry.terraform.io/hashicorp/aws\"]",
      "instances": [
        {
          "index_key": 0,
          "schema_version": 1,
          "attributes": {
            "ami": "ami-0b52d4ef0c06bb1ac",
            "arn": "arn:aws:ec2:us-west-2:337834004759:instance/i-07640f98f2eb73556",
            "associate_public_ip_address": true,
            "availability_zone": "us-west-2c",
            "capacity_reservation_specification": [
              {
                "capacity_reservation_preference": "open",
                "capacity_reservation_target": []
              }
            ],
            "cpu_core_count": 4,
            "cpu_threads_per_core": 2,
            "credit_specification": [],
            "disable_api_termination": false,
            "ebs_block_device": [],
            "ebs_optimized": false,
            "enclave_options": [
              {
                "enabled": false
              }
            ],
            "ephemeral_block_device": [],
            "get_password_data": false,
            "hibernation": false,
            "host_id": null,
            "iam_instance_profile": "",
            "id": "i-07640f98f2eb73556",
            "instance_initiated_shutdown_behavior": "stop",
            "instance_state": "running",
            "instance_type": "m5.2xlarge",
            "ipv6_address_count": 0,
            "ipv6_addresses": [],
            "key_name": "alex-keypair",
            "launch_template": [],
            "maintenance_options": [
              {
                "auto_recovery": "default"
              }
            ],
            "metadata_options": [
              {
                "http_endpoint": "enabled",
                "http_put_response_hop_limit": 1,
                "http_tokens": "optional",
                "instance_metadata_tags": "disabled"
              }
            ],
            "monitoring": false,
            "network_interface": [],
            "outpost_arn": "",
            "password_data": "",
            "placement_group": "",
            "placement_partition_number": null,
            "primary_network_interface_id": "eni-0280a9b6f2aeb2d3c",
            "private_dns": "ip-10-0-217-180.us-west-2.compute.internal",
            "private_ip": "10.0.217.180",
            "public_dns": "ec2-34-211-47-249.us-west-2.compute.amazonaws.com",
            "public_ip": "34.211.47.249",
            "root_block_device": [
              {
                "delete_on_termination": true,
                "device_name": "/dev/sda1",
                "encrypted": false,
                "iops": 3000,
                "kms_key_id": "",
                "tags": null,
                "throughput": 125,
                "volume_id": "vol-00bed7454f7bcff45",
                "volume_size": 200,
                "volume_type": "gp3"
              }
            ],
            "secondary_private_ips": [],
            "security_groups": [],
            "source_dest_check": false,
            "subnet_id": "subnet-0f44a6a113c6bf6bf",
            "tags": {
              "expiration": "16h",
              "owner": "alexchrisramos"
            },
            "tags_all": {
              "expiration": "16h",
              "owner": "alexchrisramos"
            },
            "tenancy": "default",
            "timeouts": null,
            "user_data": null,
            "user_data_base64": null,
            "user_data_replace_on_change": false,
            "volume_tags": null,
            "vpc_security_group_ids": [
              "sg-0030a2fb4bc1578cd",
              "sg-07e519d3c5e67f043",
              "sg-0cbfa95bb00b743b7"
            ]
          },
          "sensitive_attributes": [],
          "private": "eyJlMmJmYjczMC1lY2FhLTExZTYtOGY4OC0zNDM2M2JjN2M0YzAiOnsiY3JlYXRlIjo2MDAwMDAwMDAwMDAsImRlbGV0ZSI6MTIwMDAwMDAwMDAwMCwidXBkYXRlIjo2MDAwMDAwMDAwMDB9LCJzY2hlbWFfdmVyc2lvbiI6IjEifQ==",
          "dependencies": [
            "aws_security_group.konvoy_egress",
            "aws_security_group.konvoy_private",
            "aws_security_group.konvoy_ssh",
            "aws_subnet.konvoy_public",
            "aws_vpc.konvoy_vpc"
          ]
        }
      ]
    },
    {
      "mode": "managed",
      "type": "aws_internet_gateway",
      "name": "konvoy_gateway",
      "provider": "provider[\"registry.terraform.io/hashicorp/aws\"]",
      "instances": [
        {
          "schema_version": 0,
          "attributes": {
            "arn": "arn:aws:ec2:us-west-2:337834004759:internet-gateway/igw-0924f1fb206473214",
            "id": "igw-0924f1fb206473214",
            "owner_id": "337834004759",
            "tags": {
              "expiration": "16h",
              "owner": "alexchrisramos"
            },
            "tags_all": {
              "expiration": "16h",
              "owner": "alexchrisramos"
            },
            "vpc_id": "vpc-0265107125ae9edb6"
          },
          "sensitive_attributes": [],
          "private": "bnVsbA==",
          "dependencies": [
            "aws_vpc.konvoy_vpc"
          ]
        }
      ]
    },
    {
      "mode": "managed",
      "type": "aws_route_table",
      "name": "konvoy_public_rt",
      "provider": "provider[\"registry.terraform.io/hashicorp/aws\"]",
      "instances": [
        {
          "schema_version": 0,
          "attributes": {
            "arn": "arn:aws:ec2:us-west-2:337834004759:route-table/rtb-0ff1e6e748bd0b2b7",
            "id": "rtb-0ff1e6e748bd0b2b7",
            "owner_id": "337834004759",
            "propagating_vgws": [],
            "route": [
              {
                "carrier_gateway_id": "",
                "cidr_block": "0.0.0.0/0",
                "core_network_arn": "",
                "destination_prefix_list_id": "",
                "egress_only_gateway_id": "",
                "gateway_id": "igw-0924f1fb206473214",
                "instance_id": "",
                "ipv6_cidr_block": "",
                "local_gateway_id": "",
                "nat_gateway_id": "",
                "network_interface_id": "",
                "transit_gateway_id": "",
                "vpc_endpoint_id": "",
                "vpc_peering_connection_id": ""
              }
            ],
            "tags": {
              "expiration": "16h",
              "owner": "alexchrisramos"
            },
            "tags_all": {
              "expiration": "16h",
              "owner": "alexchrisramos"
            },
            "timeouts": null,
            "vpc_id": "vpc-0265107125ae9edb6"
          },
          "sensitive_attributes": [],
          "private": "eyJlMmJmYjczMC1lY2FhLTExZTYtOGY4OC0zNDM2M2JjN2M0YzAiOnsiY3JlYXRlIjozMDAwMDAwMDAwMDAsImRlbGV0ZSI6MzAwMDAwMDAwMDAwLCJ1cGRhdGUiOjEyMDAwMDAwMDAwMH19",
          "dependencies": [
            "aws_internet_gateway.konvoy_gateway",
            "aws_vpc.konvoy_vpc"
          ]
        }
      ]
    },
    {
      "mode": "managed",
      "type": "aws_route_table_association",
      "name": "konvoy_public_rta",
      "provider": "provider[\"registry.terraform.io/hashicorp/aws\"]",
      "instances": [
        {
          "schema_version": 0,
          "attributes": {
            "gateway_id": "",
            "id": "rtbassoc-0f9ed5c9ed4d76125",
            "route_table_id": "rtb-0ff1e6e748bd0b2b7",
            "subnet_id": "subnet-0f44a6a113c6bf6bf"
          },
          "sensitive_attributes": [],
          "private": "bnVsbA==",
          "dependencies": [
            "aws_internet_gateway.konvoy_gateway",
            "aws_route_table.konvoy_public_rt",
            "aws_subnet.konvoy_public",
            "aws_vpc.konvoy_vpc"
          ]
        }
      ]
    },
    {
      "mode": "managed",
      "type": "aws_security_group",
      "name": "konvoy_control_plane",
      "provider": "provider[\"registry.terraform.io/hashicorp/aws\"]",
      "instances": [
        {
          "schema_version": 1,
          "attributes": {
            "arn": "arn:aws:ec2:us-west-2:337834004759:security-group/sg-01386de7401ea285a",
            "description": "Allow inbound SSH for Konvoy.",
            "egress": [],
            "id": "sg-01386de7401ea285a",
            "ingress": [
              {
                "cidr_blocks": [
                  "0.0.0.0/0"
                ],
                "description": "",
                "from_port": 6443,
                "ipv6_cidr_blocks": [],
                "prefix_list_ids": [],
                "protocol": "tcp",
                "security_groups": [],
                "self": false,
                "to_port": 6443
              }
            ],
            "name": "terraform-20220622035039407900000003",
            "name_prefix": "terraform-",
            "owner_id": "337834004759",
            "revoke_rules_on_delete": false,
            "tags": {
              "expiration": "16h",
              "owner": "alexchrisramos"
            },
            "tags_all": {
              "expiration": "16h",
              "owner": "alexchrisramos"
            },
            "timeouts": null,
            "vpc_id": "vpc-0265107125ae9edb6"
          },
          "sensitive_attributes": [],
          "private": "eyJlMmJmYjczMC1lY2FhLTExZTYtOGY4OC0zNDM2M2JjN2M0YzAiOnsiY3JlYXRlIjo2MDAwMDAwMDAwMDAsImRlbGV0ZSI6OTAwMDAwMDAwMDAwfSwic2NoZW1hX3ZlcnNpb24iOiIxIn0=",
          "dependencies": [
            "aws_vpc.konvoy_vpc"
          ]
        }
      ]
    },
    {
      "mode": "managed",
      "type": "aws_security_group",
      "name": "konvoy_egress",
      "provider": "provider[\"registry.terraform.io/hashicorp/aws\"]",
      "instances": [
        {
          "schema_version": 1,
          "attributes": {
            "arn": "arn:aws:ec2:us-west-2:337834004759:security-group/sg-0030a2fb4bc1578cd",
            "description": "Allow all egress communication.",
            "egress": [
              {
                "cidr_blocks": [
                  "0.0.0.0/0"
                ],
                "description": "",
                "from_port": 0,
                "ipv6_cidr_blocks": [],
                "prefix_list_ids": [],
                "protocol": "-1",
                "security_groups": [],
                "self": false,
                "to_port": 0
              }
            ],
            "id": "sg-0030a2fb4bc1578cd",
            "ingress": [],
            "name": "terraform-20220622035039407100000001",
            "name_prefix": "terraform-",
            "owner_id": "337834004759",
            "revoke_rules_on_delete": false,
            "tags": {
              "expiration": "16h",
              "owner": "alexchrisramos"
            },
            "tags_all": {
              "expiration": "16h",
              "owner": "alexchrisramos"
            },
            "timeouts": null,
            "vpc_id": "vpc-0265107125ae9edb6"
          },
          "sensitive_attributes": [],
          "private": "eyJlMmJmYjczMC1lY2FhLTExZTYtOGY4OC0zNDM2M2JjN2M0YzAiOnsiY3JlYXRlIjo2MDAwMDAwMDAwMDAsImRlbGV0ZSI6OTAwMDAwMDAwMDAwfSwic2NoZW1hX3ZlcnNpb24iOiIxIn0=",
          "dependencies": [
            "aws_vpc.konvoy_vpc"
          ]
        }
      ]
    },
    {
      "mode": "managed",
      "type": "aws_security_group",
      "name": "konvoy_private",
      "provider": "provider[\"registry.terraform.io/hashicorp/aws\"]",
      "instances": [
        {
          "schema_version": 1,
          "attributes": {
            "arn": "arn:aws:ec2:us-west-2:337834004759:security-group/sg-0cbfa95bb00b743b7",
            "description": "Allow all communication between instances",
            "egress": [
              {
                "cidr_blocks": [],
                "description": "",
                "from_port": 0,
                "ipv6_cidr_blocks": [],
                "prefix_list_ids": [],
                "protocol": "-1",
                "security_groups": [],
                "self": true,
                "to_port": 0
              }
            ],
            "id": "sg-0cbfa95bb00b743b7",
            "ingress": [
              {
                "cidr_blocks": [],
                "description": "",
                "from_port": 0,
                "ipv6_cidr_blocks": [],
                "prefix_list_ids": [],
                "protocol": "-1",
                "security_groups": [],
                "self": true,
                "to_port": 0
              }
            ],
            "name": "terraform-20220622035039408200000004",
            "name_prefix": "terraform-",
            "owner_id": "337834004759",
            "revoke_rules_on_delete": false,
            "tags": {
              "expiration": "16h",
              "owner": "alexchrisramos"
            },
            "tags_all": {
              "expiration": "16h",
              "owner": "alexchrisramos"
            },
            "timeouts": null,
            "vpc_id": "vpc-0265107125ae9edb6"
          },
          "sensitive_attributes": [],
          "private": "eyJlMmJmYjczMC1lY2FhLTExZTYtOGY4OC0zNDM2M2JjN2M0YzAiOnsiY3JlYXRlIjo2MDAwMDAwMDAwMDAsImRlbGV0ZSI6OTAwMDAwMDAwMDAwfSwic2NoZW1hX3ZlcnNpb24iOiIxIn0=",
          "dependencies": [
            "aws_vpc.konvoy_vpc"
          ]
        }
      ]
    },
    {
      "mode": "managed",
      "type": "aws_security_group",
      "name": "konvoy_ssh",
      "provider": "provider[\"registry.terraform.io/hashicorp/aws\"]",
      "instances": [
        {
          "schema_version": 1,
          "attributes": {
            "arn": "arn:aws:ec2:us-west-2:337834004759:security-group/sg-07e519d3c5e67f043",
            "description": "Allow inbound SSH for Konvoy.",
            "egress": [],
            "id": "sg-07e519d3c5e67f043",
            "ingress": [
              {
                "cidr_blocks": [
                  "0.0.0.0/0"
                ],
                "description": "",
                "from_port": 22,
                "ipv6_cidr_blocks": [],
                "prefix_list_ids": [],
                "protocol": "tcp",
                "security_groups": [],
                "self": false,
                "to_port": 22
              }
            ],
            "name": "terraform-20220622035039407400000002",
            "name_prefix": "terraform-",
            "owner_id": "337834004759",
            "revoke_rules_on_delete": false,
            "tags": {
              "expiration": "16h",
              "owner": "alexchrisramos"
            },
            "tags_all": {
              "expiration": "16h",
              "owner": "alexchrisramos"
            },
            "timeouts": null,
            "vpc_id": "vpc-0265107125ae9edb6"
          },
          "sensitive_attributes": [],
          "private": "eyJlMmJmYjczMC1lY2FhLTExZTYtOGY4OC0zNDM2M2JjN2M0YzAiOnsiY3JlYXRlIjo2MDAwMDAwMDAwMDAsImRlbGV0ZSI6OTAwMDAwMDAwMDAwfSwic2NoZW1hX3ZlcnNpb24iOiIxIn0=",
          "dependencies": [
            "aws_vpc.konvoy_vpc"
          ]
        }
      ]
    },
    {
      "mode": "managed",
      "type": "aws_subnet",
      "name": "konvoy_public",
      "provider": "provider[\"registry.terraform.io/hashicorp/aws\"]",
      "instances": [
        {
          "schema_version": 1,
          "attributes": {
            "arn": "arn:aws:ec2:us-west-2:337834004759:subnet/subnet-0f44a6a113c6bf6bf",
            "assign_ipv6_address_on_creation": false,
            "availability_zone": "us-west-2c",
            "availability_zone_id": "usw2-az3",
            "cidr_block": "10.0.0.0/16",
            "customer_owned_ipv4_pool": "",
            "enable_dns64": false,
            "enable_resource_name_dns_a_record_on_launch": false,
            "enable_resource_name_dns_aaaa_record_on_launch": false,
            "id": "subnet-0f44a6a113c6bf6bf",
            "ipv6_cidr_block": "",
            "ipv6_cidr_block_association_id": "",
            "ipv6_native": false,
            "map_customer_owned_ip_on_launch": false,
            "map_public_ip_on_launch": true,
            "outpost_arn": "",
            "owner_id": "337834004759",
            "private_dns_hostname_type_on_launch": "ip-name",
            "tags": {
              "expiration": "16h",
              "owner": "alexchrisramos"
            },
            "tags_all": {
              "expiration": "16h",
              "owner": "alexchrisramos"
            },
            "timeouts": null,
            "vpc_id": "vpc-0265107125ae9edb6"
          },
          "sensitive_attributes": [],
          "private": "eyJlMmJmYjczMC1lY2FhLTExZTYtOGY4OC0zNDM2M2JjN2M0YzAiOnsiY3JlYXRlIjo2MDAwMDAwMDAwMDAsImRlbGV0ZSI6MTIwMDAwMDAwMDAwMH0sInNjaGVtYV92ZXJzaW9uIjoiMSJ9",
          "dependencies": [
            "aws_vpc.konvoy_vpc"
          ]
        }
      ]
    },
    {
      "mode": "managed",
      "type": "aws_vpc",
      "name": "konvoy_vpc",
      "provider": "provider[\"registry.terraform.io/hashicorp/aws\"]",
      "instances": [
        {
          "schema_version": 1,
          "attributes": {
            "arn": "arn:aws:ec2:us-west-2:337834004759:vpc/vpc-0265107125ae9edb6",
            "assign_generated_ipv6_cidr_block": false,
            "cidr_block": "10.0.0.0/16",
            "default_network_acl_id": "acl-0b605a812a33aee3d",
            "default_route_table_id": "rtb-0bf7e70c3b62b4856",
            "default_security_group_id": "sg-02afcc3752bd8dade",
            "dhcp_options_id": "dopt-36131d50",
            "enable_classiclink": false,
            "enable_classiclink_dns_support": false,
            "enable_dns_hostnames": true,
            "enable_dns_support": true,
            "id": "vpc-0265107125ae9edb6",
            "instance_tenancy": "default",
            "ipv4_ipam_pool_id": null,
            "ipv4_netmask_length": null,
            "ipv6_association_id": "",
            "ipv6_cidr_block": "",
            "ipv6_cidr_block_network_border_group": "",
            "ipv6_ipam_pool_id": "",
            "ipv6_netmask_length": 0,
            "main_route_table_id": "rtb-0bf7e70c3b62b4856",
            "owner_id": "337834004759",
            "tags": {
              "expiration": "16h",
              "owner": "alexchrisramos"
            },
            "tags_all": {
              "expiration": "16h",
              "owner": "alexchrisramos"
            }
          },
          "sensitive_attributes": [],
          "private": "eyJzY2hlbWFfdmVyc2lvbiI6IjEifQ=="
        }
      ]
    }
  ]
}
