{
  "version": 4,
  "terraform_version": "1.2.3",
  "serial": 1328,
  "lineage": "5977d7ee-f41d-8bb9-b7b0-7b8576b9a1a7",
  "outputs": {
    "bastion_public_ips": {
      "value": [
        "35.89.188.194"
      ],
      "type": [
        "tuple",
        [
          "string"
        ]
      ]
    },
    "control_plane_public_ips": {
      "value": [
        "52.43.105.182"
      ],
      "type": [
        "tuple",
        [
          "string"
        ]
      ]
    },
    "kube_apiserver_address": {
      "value": "tf-lb-20220919040446312900000005-1529455196.us-west-2.elb.amazonaws.com",
      "type": "string"
    },
    "registry_public_ips": {
      "value": [
        "18.237.225.188"
      ],
      "type": [
        "tuple",
        [
          "string"
        ]
      ]
    },
    "vpc_cidr": {
      "value": "10.0.0.0/16",
      "type": "string"
    },
    "worker_public_ips": {
      "value": [
        "54.70.194.106"
      ],
      "type": [
        "tuple",
        [
          "string"
        ]
      ]
    }
  },
  "resources": [
    {
      "mode": "managed",
      "type": "aws_elb",
      "name": "konvoy_control_plane",
      "provider": "provider[\"registry.terraform.io/hashicorp/aws\"]",
      "instances": [
        {
          "schema_version": 0,
          "attributes": {
            "access_logs": [],
            "arn": "arn:aws:elasticloadbalancing:us-west-2:337834004759:loadbalancer/tf-lb-20220919040446312900000005",
            "availability_zones": [
              "us-west-2c"
            ],
            "connection_draining": true,
            "connection_draining_timeout": 300,
            "cross_zone_load_balancing": true,
            "desync_mitigation_mode": "defensive",
            "dns_name": "tf-lb-20220919040446312900000005-1529455196.us-west-2.elb.amazonaws.com",
            "health_check": [
              {
                "healthy_threshold": 2,
                "interval": 10,
                "target": "HTTPS:6443/healthz",
                "timeout": 3,
                "unhealthy_threshold": 2
              }
            ],
            "id": "tf-lb-20220919040446312900000005",
            "idle_timeout": 60,
            "instances": [
              "i-0439c12eee9991bdf"
            ],
            "internal": false,
            "listener": [
              {
                "instance_port": 6443,
                "instance_protocol": "tcp",
                "lb_port": 6443,
                "lb_protocol": "tcp",
                "ssl_certificate_id": ""
              }
            ],
            "name": "tf-lb-20220919040446312900000005",
            "name_prefix": null,
            "security_groups": [
              "sg-0887ab1d3f4e306ea",
              "sg-0c8c63f1d19d3dabf"
            ],
            "source_security_group": "337834004759/terraform-20220919040337673700000003",
            "source_security_group_id": "sg-0887ab1d3f4e306ea",
            "subnets": [
              "subnet-02305e84850dfdf94"
            ],
            "tags": {
              "expiration": "16h",
              "owner": "alexchrisramos"
            },
            "tags_all": {
              "expiration": "16h",
              "owner": "alexchrisramos"
            },
            "zone_id": "Z1H1FL5HABSF5"
          },
          "sensitive_attributes": [],
          "private": "bnVsbA==",
          "dependencies": [
            "aws_instance.control_plane",
            "aws_security_group.konvoy_control_plane",
            "aws_security_group.konvoy_egress",
            "aws_security_group.konvoy_private",
            "aws_security_group.konvoy_ssh",
            "aws_subnet.konvoy_public",
            "aws_vpc.konvoy_vpc"
          ]
        }
      ]
    },
    {
      "mode": "managed",
      "type": "aws_instance",
      "name": "bastion_host",
      "provider": "provider[\"registry.terraform.io/hashicorp/aws\"]",
      "instances": [
        {
          "index_key": 0,
          "schema_version": 1,
          "attributes": {
            "ami": "ami-0e87ed6656c4945c7",
            "arn": "arn:aws:ec2:us-west-2:337834004759:instance/i-06cf1e39189f6a83c",
            "associate_public_ip_address": true,
            "availability_zone": "us-west-2c",
            "capacity_reservation_specification": [
              {
                "capacity_reservation_preference": "open",
                "capacity_reservation_target": []
              }
            ],
            "cpu_core_count": 2,
            "cpu_threads_per_core": 1,
            "credit_specification": [
              {
                "cpu_credits": "standard"
              }
            ],
            "disable_api_termination": false,
            "ebs_block_device": [],
            "ebs_optimized": false,
            "enclave_options": [
              {
                "enabled": false
              }
            ],
            "ephemeral_block_device": [],
            "get_password_data": false,
            "hibernation": false,
            "host_id": null,
            "iam_instance_profile": "",
            "id": "i-06cf1e39189f6a83c",
            "instance_initiated_shutdown_behavior": "stop",
            "instance_state": "running",
            "instance_type": "t2.medium",
            "ipv6_address_count": 0,
            "ipv6_addresses": [],
            "key_name": "alex-keypair",
            "launch_template": [],
            "maintenance_options": [
              {
                "auto_recovery": "default"
              }
            ],
            "metadata_options": [
              {
                "http_endpoint": "enabled",
                "http_put_response_hop_limit": 1,
                "http_tokens": "optional",
                "instance_metadata_tags": "disabled"
              }
            ],
            "monitoring": false,
            "network_interface": [],
            "outpost_arn": "",
            "password_data": "",
            "placement_group": "",
            "placement_partition_number": null,
            "primary_network_interface_id": "eni-0385018e8c7f84a8f",
            "private_dns": "ip-10-0-104-153.us-west-2.compute.internal",
            "private_ip": "10.0.104.153",
            "public_dns": "ec2-35-89-188-194.us-west-2.compute.amazonaws.com",
            "public_ip": "35.89.188.194",
            "root_block_device": [
              {
                "delete_on_termination": true,
                "device_name": "/dev/sda1",
                "encrypted": false,
                "iops": 3000,
                "kms_key_id": "",
                "tags": null,
                "throughput": 125,
                "volume_id": "vol-0e0f795c6d450f133",
                "volume_size": 80,
                "volume_type": "gp3"
              }
            ],
            "secondary_private_ips": [],
            "security_groups": [],
            "source_dest_check": false,
            "subnet_id": "subnet-02305e84850dfdf94",
            "tags": {
              "expiration": "16h",
              "owner": "alexchrisramos"
            },
            "tags_all": {
              "expiration": "16h",
              "owner": "alexchrisramos"
            },
            "tenancy": "default",
            "timeouts": null,
            "user_data": null,
            "user_data_base64": null,
            "user_data_replace_on_change": false,
            "volume_tags": null,
            "vpc_security_group_ids": [
              "sg-0c8c63f1d19d3dabf",
              "sg-0cb0da54eabf27f79",
              "sg-0f1ef7e4fc205899f"
            ]
          },
          "sensitive_attributes": [],
          "private": "eyJlMmJmYjczMC1lY2FhLTExZTYtOGY4OC0zNDM2M2JjN2M0YzAiOnsiY3JlYXRlIjo2MDAwMDAwMDAwMDAsImRlbGV0ZSI6MTIwMDAwMDAwMDAwMCwidXBkYXRlIjo2MDAwMDAwMDAwMDB9LCJzY2hlbWFfdmVyc2lvbiI6IjEifQ==",
          "dependencies": [
            "aws_security_group.konvoy_egress",
            "aws_security_group.konvoy_private",
            "aws_security_group.konvoy_ssh",
            "aws_subnet.konvoy_public",
            "aws_vpc.konvoy_vpc"
          ]
        }
      ]
    },
    {
      "mode": "managed",
      "type": "aws_instance",
      "name": "control_plane",
      "provider": "provider[\"registry.terraform.io/hashicorp/aws\"]",
      "instances": [
        {
          "index_key": 0,
          "schema_version": 1,
          "attributes": {
            "ami": "ami-0e87ed6656c4945c7",
            "arn": "arn:aws:ec2:us-west-2:337834004759:instance/i-0439c12eee9991bdf",
            "associate_public_ip_address": true,
            "availability_zone": "us-west-2c",
            "capacity_reservation_specification": [
              {
                "capacity_reservation_preference": "open",
                "capacity_reservation_target": []
              }
            ],
            "cpu_core_count": 4,
            "cpu_threads_per_core": 2,
            "credit_specification": [],
            "disable_api_termination": false,
            "ebs_block_device": [],
            "ebs_optimized": false,
            "enclave_options": [
              {
                "enabled": false
              }
            ],
            "ephemeral_block_device": [],
            "get_password_data": false,
            "hibernation": false,
            "host_id": null,
            "iam_instance_profile": "",
            "id": "i-0439c12eee9991bdf",
            "instance_initiated_shutdown_behavior": "stop",
            "instance_state": "running",
            "instance_type": "m5.2xlarge",
            "ipv6_address_count": 0,
            "ipv6_addresses": [],
            "key_name": "alex-keypair",
            "launch_template": [],
            "maintenance_options": [
              {
                "auto_recovery": "default"
              }
            ],
            "metadata_options": [
              {
                "http_endpoint": "enabled",
                "http_put_response_hop_limit": 1,
                "http_tokens": "optional",
                "instance_metadata_tags": "disabled"
              }
            ],
            "monitoring": false,
            "network_interface": [],
            "outpost_arn": "",
            "password_data": "",
            "placement_group": "",
            "placement_partition_number": null,
            "primary_network_interface_id": "eni-06b9d619f93552771",
            "private_dns": "ip-10-0-65-24.us-west-2.compute.internal",
            "private_ip": "10.0.65.24",
            "public_dns": "ec2-52-43-105-182.us-west-2.compute.amazonaws.com",
            "public_ip": "52.43.105.182",
            "root_block_device": [
              {
                "delete_on_termination": true,
                "device_name": "/dev/sda1",
                "encrypted": false,
                "iops": 3000,
                "kms_key_id": "",
                "tags": null,
                "throughput": 125,
                "volume_id": "vol-054436deae0e60273",
                "volume_size": 80,
                "volume_type": "gp3"
              }
            ],
            "secondary_private_ips": [],
            "security_groups": [],
            "source_dest_check": false,
            "subnet_id": "subnet-02305e84850dfdf94",
            "tags": {
              "expiration": "16h",
              "owner": "alexchrisramos"
            },
            "tags_all": {
              "expiration": "16h",
              "owner": "alexchrisramos"
            },
            "tenancy": "default",
            "timeouts": null,
            "user_data": null,
            "user_data_base64": null,
            "user_data_replace_on_change": false,
            "volume_tags": null,
            "vpc_security_group_ids": [
              "sg-0c8c63f1d19d3dabf",
              "sg-0cb0da54eabf27f79",
              "sg-0f1ef7e4fc205899f"
            ]
          },
          "sensitive_attributes": [],
          "private": "eyJlMmJmYjczMC1lY2FhLTExZTYtOGY4OC0zNDM2M2JjN2M0YzAiOnsiY3JlYXRlIjo2MDAwMDAwMDAwMDAsImRlbGV0ZSI6MTIwMDAwMDAwMDAwMCwidXBkYXRlIjo2MDAwMDAwMDAwMDB9LCJzY2hlbWFfdmVyc2lvbiI6IjEifQ==",
          "dependencies": [
            "aws_security_group.konvoy_egress",
            "aws_security_group.konvoy_private",
            "aws_security_group.konvoy_ssh",
            "aws_subnet.konvoy_public",
            "aws_vpc.konvoy_vpc"
          ]
        }
      ]
    },
    {
      "mode": "managed",
      "type": "aws_instance",
      "name": "registry_host",
      "provider": "provider[\"registry.terraform.io/hashicorp/aws\"]",
      "instances": [
        {
          "index_key": 0,
          "schema_version": 1,
          "attributes": {
            "ami": "ami-0e87ed6656c4945c7",
            "arn": "arn:aws:ec2:us-west-2:337834004759:instance/i-06f5bc0190c83cf83",
            "associate_public_ip_address": true,
            "availability_zone": "us-west-2c",
            "capacity_reservation_specification": [
              {
                "capacity_reservation_preference": "open",
                "capacity_reservation_target": []
              }
            ],
            "cpu_core_count": 2,
            "cpu_threads_per_core": 1,
            "credit_specification": [
              {
                "cpu_credits": "standard"
              }
            ],
            "disable_api_termination": false,
            "ebs_block_device": [],
            "ebs_optimized": false,
            "enclave_options": [
              {
                "enabled": false
              }
            ],
            "ephemeral_block_device": [],
            "get_password_data": false,
            "hibernation": false,
            "host_id": null,
            "iam_instance_profile": "",
            "id": "i-06f5bc0190c83cf83",
            "instance_initiated_shutdown_behavior": "stop",
            "instance_state": "running",
            "instance_type": "t2.medium",
            "ipv6_address_count": 0,
            "ipv6_addresses": [],
            "key_name": "alex-keypair",
            "launch_template": [],
            "maintenance_options": [
              {
                "auto_recovery": "default"
              }
            ],
            "metadata_options": [
              {
                "http_endpoint": "enabled",
                "http_put_response_hop_limit": 1,
                "http_tokens": "optional",
                "instance_metadata_tags": "disabled"
              }
            ],
            "monitoring": false,
            "network_interface": [],
            "outpost_arn": "",
            "password_data": "",
            "placement_group": "",
            "placement_partition_number": null,
            "primary_network_interface_id": "eni-0c6757d61ef7c3a0d",
            "private_dns": "ip-10-0-55-133.us-west-2.compute.internal",
            "private_ip": "10.0.55.133",
            "public_dns": "ec2-18-237-225-188.us-west-2.compute.amazonaws.com",
            "public_ip": "18.237.225.188",
            "root_block_device": [
              {
                "delete_on_termination": true,
                "device_name": "/dev/sda1",
                "encrypted": false,
                "iops": 3000,
                "kms_key_id": "",
                "tags": null,
                "throughput": 125,
                "volume_id": "vol-06776f3254992f71e",
                "volume_size": 80,
                "volume_type": "gp3"
              }
            ],
            "secondary_private_ips": [],
            "security_groups": [],
            "source_dest_check": false,
            "subnet_id": "subnet-02305e84850dfdf94",
            "tags": {
              "expiration": "16h",
              "owner": "alexchrisramos"
            },
            "tags_all": {
              "expiration": "16h",
              "owner": "alexchrisramos"
            },
            "tenancy": "default",
            "timeouts": null,
            "user_data": null,
            "user_data_base64": null,
            "user_data_replace_on_change": false,
            "volume_tags": null,
            "vpc_security_group_ids": [
              "sg-0c8c63f1d19d3dabf",
              "sg-0cb0da54eabf27f79",
              "sg-0f1ef7e4fc205899f"
            ]
          },
          "sensitive_attributes": [],
          "private": "eyJlMmJmYjczMC1lY2FhLTExZTYtOGY4OC0zNDM2M2JjN2M0YzAiOnsiY3JlYXRlIjo2MDAwMDAwMDAwMDAsImRlbGV0ZSI6MTIwMDAwMDAwMDAwMCwidXBkYXRlIjo2MDAwMDAwMDAwMDB9LCJzY2hlbWFfdmVyc2lvbiI6IjEifQ==",
          "dependencies": [
            "aws_security_group.konvoy_egress",
            "aws_security_group.konvoy_private",
            "aws_security_group.konvoy_ssh",
            "aws_subnet.konvoy_public",
            "aws_vpc.konvoy_vpc"
          ]
        }
      ]
    },
    {
      "mode": "managed",
      "type": "aws_instance",
      "name": "worker",
      "provider": "provider[\"registry.terraform.io/hashicorp/aws\"]",
      "instances": [
        {
          "index_key": 0,
          "schema_version": 1,
          "attributes": {
            "ami": "ami-0e87ed6656c4945c7",
            "arn": "arn:aws:ec2:us-west-2:337834004759:instance/i-0d36d00687ef71051",
            "associate_public_ip_address": true,
            "availability_zone": "us-west-2c",
            "capacity_reservation_specification": [
              {
                "capacity_reservation_preference": "open",
                "capacity_reservation_target": []
              }
            ],
            "cpu_core_count": 4,
            "cpu_threads_per_core": 2,
            "credit_specification": [],
            "disable_api_termination": false,
            "ebs_block_device": [],
            "ebs_optimized": false,
            "enclave_options": [
              {
                "enabled": false
              }
            ],
            "ephemeral_block_device": [],
            "get_password_data": false,
            "hibernation": false,
            "host_id": null,
            "iam_instance_profile": "",
            "id": "i-0d36d00687ef71051",
            "instance_initiated_shutdown_behavior": "stop",
            "instance_state": "running",
            "instance_type": "m5.2xlarge",
            "ipv6_address_count": 0,
            "ipv6_addresses": [],
            "key_name": "alex-keypair",
            "launch_template": [],
            "maintenance_options": [
              {
                "auto_recovery": "default"
              }
            ],
            "metadata_options": [
              {
                "http_endpoint": "enabled",
                "http_put_response_hop_limit": 1,
                "http_tokens": "optional",
                "instance_metadata_tags": "disabled"
              }
            ],
            "monitoring": false,
            "network_interface": [],
            "outpost_arn": "",
            "password_data": "",
            "placement_group": "",
            "placement_partition_number": null,
            "primary_network_interface_id": "eni-023252783f3b405f6",
            "private_dns": "ip-10-0-243-247.us-west-2.compute.internal",
            "private_ip": "10.0.243.247",
            "public_dns": "ec2-54-70-194-106.us-west-2.compute.amazonaws.com",
            "public_ip": "54.70.194.106",
            "root_block_device": [
              {
                "delete_on_termination": true,
                "device_name": "/dev/sda1",
                "encrypted": false,
                "iops": 3000,
                "kms_key_id": "",
                "tags": null,
                "throughput": 125,
                "volume_id": "vol-00c591a80b7fb8a51",
                "volume_size": 80,
                "volume_type": "gp3"
              }
            ],
            "secondary_private_ips": [],
            "security_groups": [],
            "source_dest_check": false,
            "subnet_id": "subnet-02305e84850dfdf94",
            "tags": {
              "expiration": "16h",
              "owner": "alexchrisramos"
            },
            "tags_all": {
              "expiration": "16h",
              "owner": "alexchrisramos"
            },
            "tenancy": "default",
            "timeouts": null,
            "user_data": null,
            "user_data_base64": null,
            "user_data_replace_on_change": false,
            "volume_tags": null,
            "vpc_security_group_ids": [
              "sg-0c8c63f1d19d3dabf",
              "sg-0cb0da54eabf27f79",
              "sg-0f1ef7e4fc205899f"
            ]
          },
          "sensitive_attributes": [],
          "private": "eyJlMmJmYjczMC1lY2FhLTExZTYtOGY4OC0zNDM2M2JjN2M0YzAiOnsiY3JlYXRlIjo2MDAwMDAwMDAwMDAsImRlbGV0ZSI6MTIwMDAwMDAwMDAwMCwidXBkYXRlIjo2MDAwMDAwMDAwMDB9LCJzY2hlbWFfdmVyc2lvbiI6IjEifQ==",
          "dependencies": [
            "aws_security_group.konvoy_egress",
            "aws_security_group.konvoy_private",
            "aws_security_group.konvoy_ssh",
            "aws_subnet.konvoy_public",
            "aws_vpc.konvoy_vpc"
          ]
        }
      ]
    },
    {
      "mode": "managed",
      "type": "aws_internet_gateway",
      "name": "konvoy_gateway",
      "provider": "provider[\"registry.terraform.io/hashicorp/aws\"]",
      "instances": [
        {
          "schema_version": 0,
          "attributes": {
            "arn": "arn:aws:ec2:us-west-2:337834004759:internet-gateway/igw-0d71bac1ede2e1b79",
            "id": "igw-0d71bac1ede2e1b79",
            "owner_id": "337834004759",
            "tags": {
              "expiration": "16h",
              "owner": "alexchrisramos"
            },
            "tags_all": {
              "expiration": "16h",
              "owner": "alexchrisramos"
            },
            "vpc_id": "vpc-034b5e87f5d2c9142"
          },
          "sensitive_attributes": [],
          "private": "bnVsbA==",
          "dependencies": [
            "aws_vpc.konvoy_vpc"
          ]
        }
      ]
    },
    {
      "mode": "managed",
      "type": "aws_route_table",
      "name": "konvoy_public_rt",
      "provider": "provider[\"registry.terraform.io/hashicorp/aws\"]",
      "instances": [
        {
          "schema_version": 0,
          "attributes": {
            "arn": "arn:aws:ec2:us-west-2:337834004759:route-table/rtb-03df348e4667a2454",
            "id": "rtb-03df348e4667a2454",
            "owner_id": "337834004759",
            "propagating_vgws": [],
            "route": [
              {
                "carrier_gateway_id": "",
                "cidr_block": "0.0.0.0/0",
                "core_network_arn": "",
                "destination_prefix_list_id": "",
                "egress_only_gateway_id": "",
                "gateway_id": "igw-0d71bac1ede2e1b79",
                "instance_id": "",
                "ipv6_cidr_block": "",
                "local_gateway_id": "",
                "nat_gateway_id": "",
                "network_interface_id": "",
                "transit_gateway_id": "",
                "vpc_endpoint_id": "",
                "vpc_peering_connection_id": ""
              }
            ],
            "tags": {
              "expiration": "16h",
              "owner": "alexchrisramos"
            },
            "tags_all": {
              "expiration": "16h",
              "owner": "alexchrisramos"
            },
            "timeouts": null,
            "vpc_id": "vpc-034b5e87f5d2c9142"
          },
          "sensitive_attributes": [],
          "private": "eyJlMmJmYjczMC1lY2FhLTExZTYtOGY4OC0zNDM2M2JjN2M0YzAiOnsiY3JlYXRlIjozMDAwMDAwMDAwMDAsImRlbGV0ZSI6MzAwMDAwMDAwMDAwLCJ1cGRhdGUiOjEyMDAwMDAwMDAwMH19",
          "dependencies": [
            "aws_internet_gateway.konvoy_gateway",
            "aws_vpc.konvoy_vpc"
          ]
        }
      ]
    },
    {
      "mode": "managed",
      "type": "aws_route_table_association",
      "name": "konvoy_public_rta",
      "provider": "provider[\"registry.terraform.io/hashicorp/aws\"]",
      "instances": [
        {
          "schema_version": 0,
          "attributes": {
            "gateway_id": "",
            "id": "rtbassoc-0ff0617b428a42ceb",
            "route_table_id": "rtb-03df348e4667a2454",
            "subnet_id": "subnet-02305e84850dfdf94"
          },
          "sensitive_attributes": [],
          "private": "bnVsbA==",
          "dependencies": [
            "aws_internet_gateway.konvoy_gateway",
            "aws_route_table.konvoy_public_rt",
            "aws_subnet.konvoy_public",
            "aws_vpc.konvoy_vpc"
          ]
        }
      ]
    },
    {
      "mode": "managed",
      "type": "aws_security_group",
      "name": "konvoy_control_plane",
      "provider": "provider[\"registry.terraform.io/hashicorp/aws\"]",
      "instances": [
        {
          "schema_version": 1,
          "attributes": {
            "arn": "arn:aws:ec2:us-west-2:337834004759:security-group/sg-0887ab1d3f4e306ea",
            "description": "Allow inbound SSH for Konvoy.",
            "egress": [],
            "id": "sg-0887ab1d3f4e306ea",
            "ingress": [
              {
                "cidr_blocks": [
                  "0.0.0.0/0"
                ],
                "description": "",
                "from_port": 6443,
                "ipv6_cidr_blocks": [],
                "prefix_list_ids": [],
                "protocol": "tcp",
                "security_groups": [],
                "self": false,
                "to_port": 6443
              }
            ],
            "name": "terraform-20220919040337673700000003",
            "name_prefix": "terraform-",
            "owner_id": "337834004759",
            "revoke_rules_on_delete": false,
            "tags": {
              "expiration": "16h",
              "owner": "alexchrisramos"
            },
            "tags_all": {
              "expiration": "16h",
              "owner": "alexchrisramos"
            },
            "timeouts": null,
            "vpc_id": "vpc-034b5e87f5d2c9142"
          },
          "sensitive_attributes": [],
          "private": "eyJlMmJmYjczMC1lY2FhLTExZTYtOGY4OC0zNDM2M2JjN2M0YzAiOnsiY3JlYXRlIjo2MDAwMDAwMDAwMDAsImRlbGV0ZSI6OTAwMDAwMDAwMDAwfSwic2NoZW1hX3ZlcnNpb24iOiIxIn0=",
          "dependencies": [
            "aws_vpc.konvoy_vpc"
          ]
        }
      ]
    },
    {
      "mode": "managed",
      "type": "aws_security_group",
      "name": "konvoy_egress",
      "provider": "provider[\"registry.terraform.io/hashicorp/aws\"]",
      "instances": [
        {
          "schema_version": 1,
          "attributes": {
            "arn": "arn:aws:ec2:us-west-2:337834004759:security-group/sg-0f1ef7e4fc205899f",
            "description": "Allow all egress communication.",
            "egress": [
              {
                "cidr_blocks": [
                  "0.0.0.0/0"
                ],
                "description": "",
                "from_port": 0,
                "ipv6_cidr_blocks": [],
                "prefix_list_ids": [],
                "protocol": "-1",
                "security_groups": [],
                "self": false,
                "to_port": 0
              }
            ],
            "id": "sg-0f1ef7e4fc205899f",
            "ingress": [],
            "name": "terraform-20220919040337680500000004",
            "name_prefix": "terraform-",
            "owner_id": "337834004759",
            "revoke_rules_on_delete": false,
            "tags": {
              "expiration": "16h",
              "owner": "alexchrisramos"
            },
            "tags_all": {
              "expiration": "16h",
              "owner": "alexchrisramos"
            },
            "timeouts": null,
            "vpc_id": "vpc-034b5e87f5d2c9142"
          },
          "sensitive_attributes": [],
          "private": "eyJlMmJmYjczMC1lY2FhLTExZTYtOGY4OC0zNDM2M2JjN2M0YzAiOnsiY3JlYXRlIjo2MDAwMDAwMDAwMDAsImRlbGV0ZSI6OTAwMDAwMDAwMDAwfSwic2NoZW1hX3ZlcnNpb24iOiIxIn0=",
          "dependencies": [
            "aws_vpc.konvoy_vpc"
          ]
        }
      ]
    },
    {
      "mode": "managed",
      "type": "aws_security_group",
      "name": "konvoy_private",
      "provider": "provider[\"registry.terraform.io/hashicorp/aws\"]",
      "instances": [
        {
          "schema_version": 1,
          "attributes": {
            "arn": "arn:aws:ec2:us-west-2:337834004759:security-group/sg-0c8c63f1d19d3dabf",
            "description": "Allow all communication between instances",
            "egress": [
              {
                "cidr_blocks": [],
                "description": "",
                "from_port": 0,
                "ipv6_cidr_blocks": [],
                "prefix_list_ids": [],
                "protocol": "-1",
                "security_groups": [],
                "self": true,
                "to_port": 0
              }
            ],
            "id": "sg-0c8c63f1d19d3dabf",
            "ingress": [
              {
                "cidr_blocks": [],
                "description": "",
                "from_port": 0,
                "ipv6_cidr_blocks": [],
                "prefix_list_ids": [],
                "protocol": "-1",
                "security_groups": [],
                "self": true,
                "to_port": 0
              }
            ],
            "name": "terraform-20220919040337666000000001",
            "name_prefix": "terraform-",
            "owner_id": "337834004759",
            "revoke_rules_on_delete": false,
            "tags": {
              "expiration": "16h",
              "owner": "alexchrisramos"
            },
            "tags_all": {
              "expiration": "16h",
              "owner": "alexchrisramos"
            },
            "timeouts": null,
            "vpc_id": "vpc-034b5e87f5d2c9142"
          },
          "sensitive_attributes": [],
          "private": "eyJlMmJmYjczMC1lY2FhLTExZTYtOGY4OC0zNDM2M2JjN2M0YzAiOnsiY3JlYXRlIjo2MDAwMDAwMDAwMDAsImRlbGV0ZSI6OTAwMDAwMDAwMDAwfSwic2NoZW1hX3ZlcnNpb24iOiIxIn0=",
          "dependencies": [
            "aws_vpc.konvoy_vpc"
          ]
        }
      ]
    },
    {
      "mode": "managed",
      "type": "aws_security_group",
      "name": "konvoy_ssh",
      "provider": "provider[\"registry.terraform.io/hashicorp/aws\"]",
      "instances": [
        {
          "schema_version": 1,
          "attributes": {
            "arn": "arn:aws:ec2:us-west-2:337834004759:security-group/sg-0cb0da54eabf27f79",
            "description": "Allow inbound SSH for Konvoy.",
            "egress": [],
            "id": "sg-0cb0da54eabf27f79",
            "ingress": [
              {
                "cidr_blocks": [
                  "0.0.0.0/0"
                ],
                "description": "",
                "from_port": 22,
                "ipv6_cidr_blocks": [],
                "prefix_list_ids": [],
                "protocol": "tcp",
                "security_groups": [],
                "self": false,
                "to_port": 22
              }
            ],
            "name": "terraform-20220919040337672900000002",
            "name_prefix": "terraform-",
            "owner_id": "337834004759",
            "revoke_rules_on_delete": false,
            "tags": {
              "expiration": "16h",
              "owner": "alexchrisramos"
            },
            "tags_all": {
              "expiration": "16h",
              "owner": "alexchrisramos"
            },
            "timeouts": null,
            "vpc_id": "vpc-034b5e87f5d2c9142"
          },
          "sensitive_attributes": [],
          "private": "eyJlMmJmYjczMC1lY2FhLTExZTYtOGY4OC0zNDM2M2JjN2M0YzAiOnsiY3JlYXRlIjo2MDAwMDAwMDAwMDAsImRlbGV0ZSI6OTAwMDAwMDAwMDAwfSwic2NoZW1hX3ZlcnNpb24iOiIxIn0=",
          "dependencies": [
            "aws_vpc.konvoy_vpc"
          ]
        }
      ]
    },
    {
      "mode": "managed",
      "type": "aws_subnet",
      "name": "konvoy_public",
      "provider": "provider[\"registry.terraform.io/hashicorp/aws\"]",
      "instances": [
        {
          "schema_version": 1,
          "attributes": {
            "arn": "arn:aws:ec2:us-west-2:337834004759:subnet/subnet-02305e84850dfdf94",
            "assign_ipv6_address_on_creation": false,
            "availability_zone": "us-west-2c",
            "availability_zone_id": "usw2-az3",
            "cidr_block": "10.0.0.0/16",
            "customer_owned_ipv4_pool": "",
            "enable_dns64": false,
            "enable_resource_name_dns_a_record_on_launch": false,
            "enable_resource_name_dns_aaaa_record_on_launch": false,
            "id": "subnet-02305e84850dfdf94",
            "ipv6_cidr_block": "",
            "ipv6_cidr_block_association_id": "",
            "ipv6_native": false,
            "map_customer_owned_ip_on_launch": false,
            "map_public_ip_on_launch": true,
            "outpost_arn": "",
            "owner_id": "337834004759",
            "private_dns_hostname_type_on_launch": "ip-name",
            "tags": {
              "expiration": "16h",
              "owner": "alexchrisramos"
            },
            "tags_all": {
              "expiration": "16h",
              "owner": "alexchrisramos"
            },
            "timeouts": null,
            "vpc_id": "vpc-034b5e87f5d2c9142"
          },
          "sensitive_attributes": [],
          "private": "eyJlMmJmYjczMC1lY2FhLTExZTYtOGY4OC0zNDM2M2JjN2M0YzAiOnsiY3JlYXRlIjo2MDAwMDAwMDAwMDAsImRlbGV0ZSI6MTIwMDAwMDAwMDAwMH0sInNjaGVtYV92ZXJzaW9uIjoiMSJ9",
          "dependencies": [
            "aws_vpc.konvoy_vpc"
          ]
        }
      ]
    },
    {
      "mode": "managed",
      "type": "aws_vpc",
      "name": "konvoy_vpc",
      "provider": "provider[\"registry.terraform.io/hashicorp/aws\"]",
      "instances": [
        {
          "schema_version": 1,
          "attributes": {
            "arn": "arn:aws:ec2:us-west-2:337834004759:vpc/vpc-034b5e87f5d2c9142",
            "assign_generated_ipv6_cidr_block": false,
            "cidr_block": "10.0.0.0/16",
            "default_network_acl_id": "acl-01ba1b5ba801c799b",
            "default_route_table_id": "rtb-0605c5f36868cf6f6",
            "default_security_group_id": "sg-0c407fe8bf7bd1543",
            "dhcp_options_id": "dopt-36131d50",
            "enable_classiclink": false,
            "enable_classiclink_dns_support": false,
            "enable_dns_hostnames": true,
            "enable_dns_support": true,
            "id": "vpc-034b5e87f5d2c9142",
            "instance_tenancy": "default",
            "ipv4_ipam_pool_id": null,
            "ipv4_netmask_length": null,
            "ipv6_association_id": "",
            "ipv6_cidr_block": "",
            "ipv6_cidr_block_network_border_group": "",
            "ipv6_ipam_pool_id": "",
            "ipv6_netmask_length": 0,
            "main_route_table_id": "rtb-0605c5f36868cf6f6",
            "owner_id": "337834004759",
            "tags": {
              "expiration": "16h",
              "owner": "alexchrisramos"
            },
            "tags_all": {
              "expiration": "16h",
              "owner": "alexchrisramos"
            }
          },
          "sensitive_attributes": [],
          "private": "eyJzY2hlbWFfdmVyc2lvbiI6IjEifQ=="
        }
      ]
    }
  ]
}
