{
  "version": 4,
  "terraform_version": "1.0.11",
  "serial": 133,
  "lineage": "5977d7ee-f41d-8bb9-b7b0-7b8576b9a1a7",
  "outputs": {
    "control_plane_public_ips": {
      "value": [
        "18.236.214.103",
        "34.221.62.0",
        "18.237.27.61"
      ],
      "type": [
        "tuple",
        [
          "string",
          "string",
          "string"
        ]
      ]
    },
    "extra_worker_public_ips": {
      "value": [],
      "type": [
        "tuple",
        []
      ]
    },
    "kube_apiserver_address": {
      "value": "tf-lb-20220622010727248300000005-494865466.us-west-2.elb.amazonaws.com",
      "type": "string"
    },
    "worker_public_ips": {
      "value": [
        "52.88.67.81"
      ],
      "type": [
        "tuple",
        [
          "string"
        ]
      ]
    }
  },
  "resources": [
    {
      "mode": "managed",
      "type": "aws_elb",
      "name": "konvoy_control_plane",
      "provider": "provider[\"registry.terraform.io/hashicorp/aws\"]",
      "instances": [
        {
          "schema_version": 0,
          "attributes": {
            "access_logs": [],
            "arn": "arn:aws:elasticloadbalancing:us-west-2:337834004759:loadbalancer/tf-lb-20220622010727248300000005",
            "availability_zones": [
              "us-west-2c"
            ],
            "connection_draining": true,
            "connection_draining_timeout": 300,
            "cross_zone_load_balancing": true,
            "desync_mitigation_mode": "defensive",
            "dns_name": "tf-lb-20220622010727248300000005-494865466.us-west-2.elb.amazonaws.com",
            "health_check": [
              {
                "healthy_threshold": 2,
                "interval": 10,
                "target": "HTTPS:6443/healthz",
                "timeout": 3,
                "unhealthy_threshold": 2
              }
            ],
            "id": "tf-lb-20220622010727248300000005",
            "idle_timeout": 60,
            "instances": [
              "i-02d38119ad3dcb6f9",
              "i-08fe5ed1a6ae9d787",
              "i-0d4775e543985ea4a"
            ],
            "internal": false,
            "listener": [
              {
                "instance_port": 6443,
                "instance_protocol": "tcp",
                "lb_port": 6443,
                "lb_protocol": "tcp",
                "ssl_certificate_id": ""
              }
            ],
            "name": "tf-lb-20220622010727248300000005",
            "name_prefix": null,
            "security_groups": [
              "sg-003205b5cd9b9835e",
              "sg-03eee4a2277c3e70d"
            ],
            "source_security_group": "337834004759/terraform-20220622010537001300000001",
            "source_security_group_id": "sg-003205b5cd9b9835e",
            "subnets": [
              "subnet-0bc2a581bdfe7865a"
            ],
            "tags": {
              "expiration": "12h",
              "owner": "alexchrisramos"
            },
            "tags_all": {
              "expiration": "12h",
              "owner": "alexchrisramos"
            },
            "zone_id": "Z1H1FL5HABSF5"
          },
          "sensitive_attributes": [],
          "private": "bnVsbA==",
          "dependencies": [
            "aws_instance.control_plane",
            "aws_security_group.konvoy_control_plane",
            "aws_security_group.konvoy_egress",
            "aws_security_group.konvoy_private",
            "aws_security_group.konvoy_ssh",
            "aws_subnet.konvoy_public",
            "aws_vpc.konvoy_vpc"
          ]
        }
      ]
    },
    {
      "mode": "managed",
      "type": "aws_instance",
      "name": "control_plane",
      "provider": "provider[\"registry.terraform.io/hashicorp/aws\"]",
      "instances": [
        {
          "index_key": 0,
          "schema_version": 1,
          "attributes": {
            "ami": "ami-0b52d4ef0c06bb1ac",
            "arn": "arn:aws:ec2:us-west-2:337834004759:instance/i-08fe5ed1a6ae9d787",
            "associate_public_ip_address": true,
            "availability_zone": "us-west-2c",
            "capacity_reservation_specification": [
              {
                "capacity_reservation_preference": "open",
                "capacity_reservation_target": []
              }
            ],
            "cpu_core_count": 4,
            "cpu_threads_per_core": 2,
            "credit_specification": [],
            "disable_api_termination": false,
            "ebs_block_device": [],
            "ebs_optimized": false,
            "enclave_options": [
              {
                "enabled": false
              }
            ],
            "ephemeral_block_device": [],
            "get_password_data": false,
            "hibernation": false,
            "host_id": null,
            "iam_instance_profile": "",
            "id": "i-08fe5ed1a6ae9d787",
            "instance_initiated_shutdown_behavior": "stop",
            "instance_state": "running",
            "instance_type": "m5.2xlarge",
            "ipv6_address_count": 0,
            "ipv6_addresses": [],
            "key_name": "alex-keypair",
            "launch_template": [],
            "maintenance_options": [
              {
                "auto_recovery": "default"
              }
            ],
            "metadata_options": [
              {
                "http_endpoint": "enabled",
                "http_put_response_hop_limit": 1,
                "http_tokens": "optional",
                "instance_metadata_tags": "disabled"
              }
            ],
            "monitoring": false,
            "network_interface": [],
            "outpost_arn": "",
            "password_data": "",
            "placement_group": "",
            "placement_partition_number": null,
            "primary_network_interface_id": "eni-0e6c5c33515068c04",
            "private_dns": "ip-10-0-213-123.us-west-2.compute.internal",
            "private_ip": "10.0.213.123",
            "public_dns": "ec2-18-236-214-103.us-west-2.compute.amazonaws.com",
            "public_ip": "18.236.214.103",
            "root_block_device": [
              {
                "delete_on_termination": true,
                "device_name": "/dev/sda1",
                "encrypted": false,
                "iops": 3000,
                "kms_key_id": "",
                "tags": null,
                "throughput": 125,
                "volume_id": "vol-0950369b0f1677960",
                "volume_size": 80,
                "volume_type": "gp3"
              }
            ],
            "secondary_private_ips": [],
            "security_groups": [],
            "source_dest_check": false,
            "subnet_id": "subnet-0bc2a581bdfe7865a",
            "tags": {
              "expiration": "12h",
              "owner": "alexchrisramos"
            },
            "tags_all": {
              "expiration": "12h",
              "owner": "alexchrisramos"
            },
            "tenancy": "default",
            "timeouts": null,
            "user_data": null,
            "user_data_base64": null,
            "user_data_replace_on_change": false,
            "volume_tags": null,
            "vpc_security_group_ids": [
              "sg-003205b5cd9b9835e",
              "sg-070ac531afe086712",
              "sg-0bf06034df613abf2"
            ]
          },
          "sensitive_attributes": [],
          "private": "eyJlMmJmYjczMC1lY2FhLTExZTYtOGY4OC0zNDM2M2JjN2M0YzAiOnsiY3JlYXRlIjo2MDAwMDAwMDAwMDAsImRlbGV0ZSI6MTIwMDAwMDAwMDAwMCwidXBkYXRlIjo2MDAwMDAwMDAwMDB9LCJzY2hlbWFfdmVyc2lvbiI6IjEifQ==",
          "dependencies": [
            "aws_security_group.konvoy_egress",
            "aws_security_group.konvoy_private",
            "aws_security_group.konvoy_ssh",
            "aws_subnet.konvoy_public",
            "aws_vpc.konvoy_vpc"
          ]
        },
        {
          "index_key": 1,
          "schema_version": 1,
          "attributes": {
            "ami": "ami-0b52d4ef0c06bb1ac",
            "arn": "arn:aws:ec2:us-west-2:337834004759:instance/i-0d4775e543985ea4a",
            "associate_public_ip_address": true,
            "availability_zone": "us-west-2c",
            "capacity_reservation_specification": [
              {
                "capacity_reservation_preference": "open",
                "capacity_reservation_target": []
              }
            ],
            "cpu_core_count": 4,
            "cpu_threads_per_core": 2,
            "credit_specification": [],
            "disable_api_termination": false,
            "ebs_block_device": [],
            "ebs_optimized": false,
            "enclave_options": [
              {
                "enabled": false
              }
            ],
            "ephemeral_block_device": [],
            "get_password_data": false,
            "hibernation": false,
            "host_id": null,
            "iam_instance_profile": "",
            "id": "i-0d4775e543985ea4a",
            "instance_initiated_shutdown_behavior": "stop",
            "instance_state": "running",
            "instance_type": "m5.2xlarge",
            "ipv6_address_count": 0,
            "ipv6_addresses": [],
            "key_name": "alex-keypair",
            "launch_template": [],
            "maintenance_options": [
              {
                "auto_recovery": "default"
              }
            ],
            "metadata_options": [
              {
                "http_endpoint": "enabled",
                "http_put_response_hop_limit": 1,
                "http_tokens": "optional",
                "instance_metadata_tags": "disabled"
              }
            ],
            "monitoring": false,
            "network_interface": [],
            "outpost_arn": "",
            "password_data": "",
            "placement_group": "",
            "placement_partition_number": null,
            "primary_network_interface_id": "eni-041efbc5a1381e89e",
            "private_dns": "ip-10-0-81-71.us-west-2.compute.internal",
            "private_ip": "10.0.81.71",
            "public_dns": "ec2-34-221-62-0.us-west-2.compute.amazonaws.com",
            "public_ip": "34.221.62.0",
            "root_block_device": [
              {
                "delete_on_termination": true,
                "device_name": "/dev/sda1",
                "encrypted": false,
                "iops": 3000,
                "kms_key_id": "",
                "tags": null,
                "throughput": 125,
                "volume_id": "vol-097c933489647d37a",
                "volume_size": 80,
                "volume_type": "gp3"
              }
            ],
            "secondary_private_ips": [],
            "security_groups": [],
            "source_dest_check": false,
            "subnet_id": "subnet-0bc2a581bdfe7865a",
            "tags": {
              "expiration": "12h",
              "owner": "alexchrisramos"
            },
            "tags_all": {
              "expiration": "12h",
              "owner": "alexchrisramos"
            },
            "tenancy": "default",
            "timeouts": null,
            "user_data": null,
            "user_data_base64": null,
            "user_data_replace_on_change": false,
            "volume_tags": null,
            "vpc_security_group_ids": [
              "sg-003205b5cd9b9835e",
              "sg-070ac531afe086712",
              "sg-0bf06034df613abf2"
            ]
          },
          "sensitive_attributes": [],
          "private": "eyJlMmJmYjczMC1lY2FhLTExZTYtOGY4OC0zNDM2M2JjN2M0YzAiOnsiY3JlYXRlIjo2MDAwMDAwMDAwMDAsImRlbGV0ZSI6MTIwMDAwMDAwMDAwMCwidXBkYXRlIjo2MDAwMDAwMDAwMDB9LCJzY2hlbWFfdmVyc2lvbiI6IjEifQ==",
          "dependencies": [
            "aws_security_group.konvoy_egress",
            "aws_security_group.konvoy_private",
            "aws_security_group.konvoy_ssh",
            "aws_subnet.konvoy_public",
            "aws_vpc.konvoy_vpc"
          ]
        },
        {
          "index_key": 2,
          "schema_version": 1,
          "attributes": {
            "ami": "ami-0b52d4ef0c06bb1ac",
            "arn": "arn:aws:ec2:us-west-2:337834004759:instance/i-02d38119ad3dcb6f9",
            "associate_public_ip_address": true,
            "availability_zone": "us-west-2c",
            "capacity_reservation_specification": [
              {
                "capacity_reservation_preference": "open",
                "capacity_reservation_target": []
              }
            ],
            "cpu_core_count": 4,
            "cpu_threads_per_core": 2,
            "credit_specification": [],
            "disable_api_termination": false,
            "ebs_block_device": [],
            "ebs_optimized": false,
            "enclave_options": [
              {
                "enabled": false
              }
            ],
            "ephemeral_block_device": [],
            "get_password_data": false,
            "hibernation": false,
            "host_id": null,
            "iam_instance_profile": "",
            "id": "i-02d38119ad3dcb6f9",
            "instance_initiated_shutdown_behavior": "stop",
            "instance_state": "running",
            "instance_type": "m5.2xlarge",
            "ipv6_address_count": 0,
            "ipv6_addresses": [],
            "key_name": "alex-keypair",
            "launch_template": [],
            "maintenance_options": [
              {
                "auto_recovery": "default"
              }
            ],
            "metadata_options": [
              {
                "http_endpoint": "enabled",
                "http_put_response_hop_limit": 1,
                "http_tokens": "optional",
                "instance_metadata_tags": "disabled"
              }
            ],
            "monitoring": false,
            "network_interface": [],
            "outpost_arn": "",
            "password_data": "",
            "placement_group": "",
            "placement_partition_number": null,
            "primary_network_interface_id": "eni-072d7a0620a820ceb",
            "private_dns": "ip-10-0-122-250.us-west-2.compute.internal",
            "private_ip": "10.0.122.250",
            "public_dns": "ec2-18-237-27-61.us-west-2.compute.amazonaws.com",
            "public_ip": "18.237.27.61",
            "root_block_device": [
              {
                "delete_on_termination": true,
                "device_name": "/dev/sda1",
                "encrypted": false,
                "iops": 3000,
                "kms_key_id": "",
                "tags": null,
                "throughput": 125,
                "volume_id": "vol-0717a50d13d7ef500",
                "volume_size": 80,
                "volume_type": "gp3"
              }
            ],
            "secondary_private_ips": [],
            "security_groups": [],
            "source_dest_check": false,
            "subnet_id": "subnet-0bc2a581bdfe7865a",
            "tags": {
              "expiration": "12h",
              "owner": "alexchrisramos"
            },
            "tags_all": {
              "expiration": "12h",
              "owner": "alexchrisramos"
            },
            "tenancy": "default",
            "timeouts": null,
            "user_data": null,
            "user_data_base64": null,
            "user_data_replace_on_change": false,
            "volume_tags": null,
            "vpc_security_group_ids": [
              "sg-003205b5cd9b9835e",
              "sg-070ac531afe086712",
              "sg-0bf06034df613abf2"
            ]
          },
          "sensitive_attributes": [],
          "private": "eyJlMmJmYjczMC1lY2FhLTExZTYtOGY4OC0zNDM2M2JjN2M0YzAiOnsiY3JlYXRlIjo2MDAwMDAwMDAwMDAsImRlbGV0ZSI6MTIwMDAwMDAwMDAwMCwidXBkYXRlIjo2MDAwMDAwMDAwMDB9LCJzY2hlbWFfdmVyc2lvbiI6IjEifQ==",
          "dependencies": [
            "aws_security_group.konvoy_egress",
            "aws_security_group.konvoy_private",
            "aws_security_group.konvoy_ssh",
            "aws_subnet.konvoy_public",
            "aws_vpc.konvoy_vpc"
          ]
        }
      ]
    },
    {
      "mode": "managed",
      "type": "aws_instance",
      "name": "worker",
      "provider": "provider[\"registry.terraform.io/hashicorp/aws\"]",
      "instances": [
        {
          "index_key": 0,
          "schema_version": 1,
          "attributes": {
            "ami": "ami-0b52d4ef0c06bb1ac",
            "arn": "arn:aws:ec2:us-west-2:337834004759:instance/i-099a926f284ba2ebc",
            "associate_public_ip_address": true,
            "availability_zone": "us-west-2c",
            "capacity_reservation_specification": [
              {
                "capacity_reservation_preference": "open",
                "capacity_reservation_target": []
              }
            ],
            "cpu_core_count": 1,
            "cpu_threads_per_core": 1,
            "credit_specification": [
              {
                "cpu_credits": "standard"
              }
            ],
            "disable_api_termination": false,
            "ebs_block_device": [],
            "ebs_optimized": false,
            "enclave_options": [
              {
                "enabled": false
              }
            ],
            "ephemeral_block_device": [],
            "get_password_data": false,
            "hibernation": false,
            "host_id": null,
            "iam_instance_profile": "",
            "id": "i-099a926f284ba2ebc",
            "instance_initiated_shutdown_behavior": "stop",
            "instance_state": "running",
            "instance_type": "t2.micro",
            "ipv6_address_count": 0,
            "ipv6_addresses": [],
            "key_name": "alex-keypair",
            "launch_template": [],
            "maintenance_options": [
              {
                "auto_recovery": "default"
              }
            ],
            "metadata_options": [
              {
                "http_endpoint": "enabled",
                "http_put_response_hop_limit": 1,
                "http_tokens": "optional",
                "instance_metadata_tags": "disabled"
              }
            ],
            "monitoring": false,
            "network_interface": [],
            "outpost_arn": "",
            "password_data": "",
            "placement_group": "",
            "placement_partition_number": null,
            "primary_network_interface_id": "eni-0012b70a4d01d54ca",
            "private_dns": "ip-10-0-52-211.us-west-2.compute.internal",
            "private_ip": "10.0.52.211",
            "public_dns": "ec2-52-88-67-81.us-west-2.compute.amazonaws.com",
            "public_ip": "52.88.67.81",
            "root_block_device": [
              {
                "delete_on_termination": true,
                "device_name": "/dev/sda1",
                "encrypted": false,
                "iops": 3000,
                "kms_key_id": "",
                "tags": null,
                "throughput": 125,
                "volume_id": "vol-0fcbcb7715a468291",
                "volume_size": 80,
                "volume_type": "gp3"
              }
            ],
            "secondary_private_ips": [],
            "security_groups": [],
            "source_dest_check": false,
            "subnet_id": "subnet-0bc2a581bdfe7865a",
            "tags": {
              "expiration": "12h",
              "owner": "alexchrisramos"
            },
            "tags_all": {
              "expiration": "12h",
              "owner": "alexchrisramos"
            },
            "tenancy": "default",
            "timeouts": null,
            "user_data": null,
            "user_data_base64": null,
            "user_data_replace_on_change": false,
            "volume_tags": null,
            "vpc_security_group_ids": [
              "sg-003205b5cd9b9835e",
              "sg-070ac531afe086712",
              "sg-0bf06034df613abf2"
            ]
          },
          "sensitive_attributes": [],
          "private": "eyJlMmJmYjczMC1lY2FhLTExZTYtOGY4OC0zNDM2M2JjN2M0YzAiOnsiY3JlYXRlIjo2MDAwMDAwMDAwMDAsImRlbGV0ZSI6MTIwMDAwMDAwMDAwMCwidXBkYXRlIjo2MDAwMDAwMDAwMDB9LCJzY2hlbWFfdmVyc2lvbiI6IjEifQ==",
          "dependencies": [
            "aws_security_group.konvoy_egress",
            "aws_security_group.konvoy_private",
            "aws_security_group.konvoy_ssh",
            "aws_subnet.konvoy_public",
            "aws_vpc.konvoy_vpc"
          ]
        }
      ]
    },
    {
      "mode": "managed",
      "type": "aws_internet_gateway",
      "name": "konvoy_gateway",
      "provider": "provider[\"registry.terraform.io/hashicorp/aws\"]",
      "instances": [
        {
          "schema_version": 0,
          "attributes": {
            "arn": "arn:aws:ec2:us-west-2:337834004759:internet-gateway/igw-0489bddb1e6d1bdf5",
            "id": "igw-0489bddb1e6d1bdf5",
            "owner_id": "337834004759",
            "tags": {
              "expiration": "12h",
              "owner": "alexchrisramos"
            },
            "tags_all": {
              "expiration": "12h",
              "owner": "alexchrisramos"
            },
            "vpc_id": "vpc-06776cd8cc5b33351"
          },
          "sensitive_attributes": [],
          "private": "bnVsbA==",
          "dependencies": [
            "aws_vpc.konvoy_vpc"
          ]
        }
      ]
    },
    {
      "mode": "managed",
      "type": "aws_route_table",
      "name": "konvoy_public_rt",
      "provider": "provider[\"registry.terraform.io/hashicorp/aws\"]",
      "instances": [
        {
          "schema_version": 0,
          "attributes": {
            "arn": "arn:aws:ec2:us-west-2:337834004759:route-table/rtb-050a112b4ad1eda6e",
            "id": "rtb-050a112b4ad1eda6e",
            "owner_id": "337834004759",
            "propagating_vgws": [],
            "route": [
              {
                "carrier_gateway_id": "",
                "cidr_block": "0.0.0.0/0",
                "core_network_arn": "",
                "destination_prefix_list_id": "",
                "egress_only_gateway_id": "",
                "gateway_id": "igw-0489bddb1e6d1bdf5",
                "instance_id": "",
                "ipv6_cidr_block": "",
                "local_gateway_id": "",
                "nat_gateway_id": "",
                "network_interface_id": "",
                "transit_gateway_id": "",
                "vpc_endpoint_id": "",
                "vpc_peering_connection_id": ""
              }
            ],
            "tags": {
              "expiration": "12h",
              "owner": "alexchrisramos"
            },
            "tags_all": {
              "expiration": "12h",
              "owner": "alexchrisramos"
            },
            "timeouts": null,
            "vpc_id": "vpc-06776cd8cc5b33351"
          },
          "sensitive_attributes": [],
          "private": "eyJlMmJmYjczMC1lY2FhLTExZTYtOGY4OC0zNDM2M2JjN2M0YzAiOnsiY3JlYXRlIjozMDAwMDAwMDAwMDAsImRlbGV0ZSI6MzAwMDAwMDAwMDAwLCJ1cGRhdGUiOjEyMDAwMDAwMDAwMH19",
          "dependencies": [
            "aws_internet_gateway.konvoy_gateway",
            "aws_vpc.konvoy_vpc"
          ]
        }
      ]
    },
    {
      "mode": "managed",
      "type": "aws_route_table_association",
      "name": "konvoy_public_rta",
      "provider": "provider[\"registry.terraform.io/hashicorp/aws\"]",
      "instances": [
        {
          "schema_version": 0,
          "attributes": {
            "gateway_id": "",
            "id": "rtbassoc-0c0936894d956d331",
            "route_table_id": "rtb-050a112b4ad1eda6e",
            "subnet_id": "subnet-0bc2a581bdfe7865a"
          },
          "sensitive_attributes": [],
          "private": "bnVsbA==",
          "dependencies": [
            "aws_internet_gateway.konvoy_gateway",
            "aws_route_table.konvoy_public_rt",
            "aws_subnet.konvoy_public",
            "aws_vpc.konvoy_vpc"
          ]
        }
      ]
    },
    {
      "mode": "managed",
      "type": "aws_security_group",
      "name": "konvoy_control_plane",
      "provider": "provider[\"registry.terraform.io/hashicorp/aws\"]",
      "instances": [
        {
          "schema_version": 1,
          "attributes": {
            "arn": "arn:aws:ec2:us-west-2:337834004759:security-group/sg-03eee4a2277c3e70d",
            "description": "Allow inbound SSH for Konvoy.",
            "egress": [],
            "id": "sg-03eee4a2277c3e70d",
            "ingress": [
              {
                "cidr_blocks": [
                  "0.0.0.0/0"
                ],
                "description": "",
                "from_port": 6443,
                "ipv6_cidr_blocks": [],
                "prefix_list_ids": [],
                "protocol": "tcp",
                "security_groups": [],
                "self": false,
                "to_port": 6443
              }
            ],
            "name": "terraform-20220622010537007100000004",
            "name_prefix": "terraform-",
            "owner_id": "337834004759",
            "revoke_rules_on_delete": false,
            "tags": {
              "expiration": "12h",
              "owner": "alexchrisramos"
            },
            "tags_all": {
              "expiration": "12h",
              "owner": "alexchrisramos"
            },
            "timeouts": null,
            "vpc_id": "vpc-06776cd8cc5b33351"
          },
          "sensitive_attributes": [],
          "private": "eyJlMmJmYjczMC1lY2FhLTExZTYtOGY4OC0zNDM2M2JjN2M0YzAiOnsiY3JlYXRlIjo2MDAwMDAwMDAwMDAsImRlbGV0ZSI6OTAwMDAwMDAwMDAwfSwic2NoZW1hX3ZlcnNpb24iOiIxIn0=",
          "dependencies": [
            "aws_vpc.konvoy_vpc"
          ]
        }
      ]
    },
    {
      "mode": "managed",
      "type": "aws_security_group",
      "name": "konvoy_egress",
      "provider": "provider[\"registry.terraform.io/hashicorp/aws\"]",
      "instances": [
        {
          "schema_version": 1,
          "attributes": {
            "arn": "arn:aws:ec2:us-west-2:337834004759:security-group/sg-070ac531afe086712",
            "description": "Allow all egress communication.",
            "egress": [
              {
                "cidr_blocks": [
                  "0.0.0.0/0"
                ],
                "description": "",
                "from_port": 0,
                "ipv6_cidr_blocks": [],
                "prefix_list_ids": [],
                "protocol": "-1",
                "security_groups": [],
                "self": false,
                "to_port": 0
              }
            ],
            "id": "sg-070ac531afe086712",
            "ingress": [],
            "name": "terraform-20220622010537005600000003",
            "name_prefix": "terraform-",
            "owner_id": "337834004759",
            "revoke_rules_on_delete": false,
            "tags": {
              "expiration": "12h",
              "owner": "alexchrisramos"
            },
            "tags_all": {
              "expiration": "12h",
              "owner": "alexchrisramos"
            },
            "timeouts": null,
            "vpc_id": "vpc-06776cd8cc5b33351"
          },
          "sensitive_attributes": [],
          "private": "eyJlMmJmYjczMC1lY2FhLTExZTYtOGY4OC0zNDM2M2JjN2M0YzAiOnsiY3JlYXRlIjo2MDAwMDAwMDAwMDAsImRlbGV0ZSI6OTAwMDAwMDAwMDAwfSwic2NoZW1hX3ZlcnNpb24iOiIxIn0=",
          "dependencies": [
            "aws_vpc.konvoy_vpc"
          ]
        }
      ]
    },
    {
      "mode": "managed",
      "type": "aws_security_group",
      "name": "konvoy_private",
      "provider": "provider[\"registry.terraform.io/hashicorp/aws\"]",
      "instances": [
        {
          "schema_version": 1,
          "attributes": {
            "arn": "arn:aws:ec2:us-west-2:337834004759:security-group/sg-003205b5cd9b9835e",
            "description": "Allow all communication between instances",
            "egress": [
              {
                "cidr_blocks": [],
                "description": "",
                "from_port": 0,
                "ipv6_cidr_blocks": [],
                "prefix_list_ids": [],
                "protocol": "-1",
                "security_groups": [],
                "self": true,
                "to_port": 0
              }
            ],
            "id": "sg-003205b5cd9b9835e",
            "ingress": [
              {
                "cidr_blocks": [],
                "description": "",
                "from_port": 0,
                "ipv6_cidr_blocks": [],
                "prefix_list_ids": [],
                "protocol": "-1",
                "security_groups": [],
                "self": true,
                "to_port": 0
              }
            ],
            "name": "terraform-20220622010537001300000001",
            "name_prefix": "terraform-",
            "owner_id": "337834004759",
            "revoke_rules_on_delete": false,
            "tags": {
              "expiration": "12h",
              "owner": "alexchrisramos"
            },
            "tags_all": {
              "expiration": "12h",
              "owner": "alexchrisramos"
            },
            "timeouts": null,
            "vpc_id": "vpc-06776cd8cc5b33351"
          },
          "sensitive_attributes": [],
          "private": "eyJlMmJmYjczMC1lY2FhLTExZTYtOGY4OC0zNDM2M2JjN2M0YzAiOnsiY3JlYXRlIjo2MDAwMDAwMDAwMDAsImRlbGV0ZSI6OTAwMDAwMDAwMDAwfSwic2NoZW1hX3ZlcnNpb24iOiIxIn0=",
          "dependencies": [
            "aws_vpc.konvoy_vpc"
          ]
        }
      ]
    },
    {
      "mode": "managed",
      "type": "aws_security_group",
      "name": "konvoy_ssh",
      "provider": "provider[\"registry.terraform.io/hashicorp/aws\"]",
      "instances": [
        {
          "schema_version": 1,
          "attributes": {
            "arn": "arn:aws:ec2:us-west-2:337834004759:security-group/sg-0bf06034df613abf2",
            "description": "Allow inbound SSH for Konvoy.",
            "egress": [],
            "id": "sg-0bf06034df613abf2",
            "ingress": [
              {
                "cidr_blocks": [
                  "0.0.0.0/0"
                ],
                "description": "",
                "from_port": 22,
                "ipv6_cidr_blocks": [],
                "prefix_list_ids": [],
                "protocol": "tcp",
                "security_groups": [],
                "self": false,
                "to_port": 22
              }
            ],
            "name": "terraform-20220622010537004700000002",
            "name_prefix": "terraform-",
            "owner_id": "337834004759",
            "revoke_rules_on_delete": false,
            "tags": {
              "expiration": "12h",
              "owner": "alexchrisramos"
            },
            "tags_all": {
              "expiration": "12h",
              "owner": "alexchrisramos"
            },
            "timeouts": null,
            "vpc_id": "vpc-06776cd8cc5b33351"
          },
          "sensitive_attributes": [],
          "private": "eyJlMmJmYjczMC1lY2FhLTExZTYtOGY4OC0zNDM2M2JjN2M0YzAiOnsiY3JlYXRlIjo2MDAwMDAwMDAwMDAsImRlbGV0ZSI6OTAwMDAwMDAwMDAwfSwic2NoZW1hX3ZlcnNpb24iOiIxIn0=",
          "dependencies": [
            "aws_vpc.konvoy_vpc"
          ]
        }
      ]
    },
    {
      "mode": "managed",
      "type": "aws_subnet",
      "name": "konvoy_public",
      "provider": "provider[\"registry.terraform.io/hashicorp/aws\"]",
      "instances": [
        {
          "schema_version": 1,
          "attributes": {
            "arn": "arn:aws:ec2:us-west-2:337834004759:subnet/subnet-0bc2a581bdfe7865a",
            "assign_ipv6_address_on_creation": false,
            "availability_zone": "us-west-2c",
            "availability_zone_id": "usw2-az3",
            "cidr_block": "10.0.0.0/16",
            "customer_owned_ipv4_pool": "",
            "enable_dns64": false,
            "enable_resource_name_dns_a_record_on_launch": false,
            "enable_resource_name_dns_aaaa_record_on_launch": false,
            "id": "subnet-0bc2a581bdfe7865a",
            "ipv6_cidr_block": "",
            "ipv6_cidr_block_association_id": "",
            "ipv6_native": false,
            "map_customer_owned_ip_on_launch": false,
            "map_public_ip_on_launch": true,
            "outpost_arn": "",
            "owner_id": "337834004759",
            "private_dns_hostname_type_on_launch": "ip-name",
            "tags": {
              "expiration": "12h",
              "owner": "alexchrisramos"
            },
            "tags_all": {
              "expiration": "12h",
              "owner": "alexchrisramos"
            },
            "timeouts": null,
            "vpc_id": "vpc-06776cd8cc5b33351"
          },
          "sensitive_attributes": [],
          "private": "eyJlMmJmYjczMC1lY2FhLTExZTYtOGY4OC0zNDM2M2JjN2M0YzAiOnsiY3JlYXRlIjo2MDAwMDAwMDAwMDAsImRlbGV0ZSI6MTIwMDAwMDAwMDAwMH0sInNjaGVtYV92ZXJzaW9uIjoiMSJ9",
          "dependencies": [
            "aws_vpc.konvoy_vpc"
          ]
        }
      ]
    },
    {
      "mode": "managed",
      "type": "aws_vpc",
      "name": "konvoy_vpc",
      "provider": "provider[\"registry.terraform.io/hashicorp/aws\"]",
      "instances": [
        {
          "schema_version": 1,
          "attributes": {
            "arn": "arn:aws:ec2:us-west-2:337834004759:vpc/vpc-06776cd8cc5b33351",
            "assign_generated_ipv6_cidr_block": false,
            "cidr_block": "10.0.0.0/16",
            "default_network_acl_id": "acl-023f786ab5025ebf4",
            "default_route_table_id": "rtb-09a93f6d45ad4c7bf",
            "default_security_group_id": "sg-0f4364b4aefbc1f83",
            "dhcp_options_id": "dopt-36131d50",
            "enable_classiclink": false,
            "enable_classiclink_dns_support": false,
            "enable_dns_hostnames": true,
            "enable_dns_support": true,
            "id": "vpc-06776cd8cc5b33351",
            "instance_tenancy": "default",
            "ipv4_ipam_pool_id": null,
            "ipv4_netmask_length": null,
            "ipv6_association_id": "",
            "ipv6_cidr_block": "",
            "ipv6_cidr_block_network_border_group": "",
            "ipv6_ipam_pool_id": "",
            "ipv6_netmask_length": 0,
            "main_route_table_id": "rtb-09a93f6d45ad4c7bf",
            "owner_id": "337834004759",
            "tags": {
              "expiration": "12h",
              "owner": "alexchrisramos"
            },
            "tags_all": {
              "expiration": "12h",
              "owner": "alexchrisramos"
            }
          },
          "sensitive_attributes": [],
          "private": "eyJzY2hlbWFfdmVyc2lvbiI6IjEifQ=="
        }
      ]
    }
  ]
}
